
Microsoft Visual Studio Solution File, Format Version 12.00
# Visual Studio Version 17
VisualStudioVersion = 17.8.34511.84
MinimumVisualStudioVersion = 10.0.40219.1
Project("{FAE04EC0-301F-11D3-BF4B-00C04F79EFBC}") = "ReflectionEncrypt", "ReflectionEncrypt\ReflectionEncrypt.csproj", "{090E4DAA-89DD-4566-9186-D2F4CB77EE69}"
EndProject
Global
	GlobalSection(SolutionConfigurationPlatforms) = preSolution
		Debug|Any CPU = Debug|Any CPU
		Release|Any CPU = Release|Any CPU
	EndGlobalSection
	GlobalSection(ProjectConfigurationPlatforms) = postSolution
		{090E4DAA-89DD-4566-9186-D2F4CB77EE69}.Debug|Any CPU.ActiveCfg = Debug|Any CPU
		{090E4DAA-89DD-4566-9186-D2F4CB77EE69}.Debug|Any CPU.Build.0 = Debug|Any CPU
		{090E4DAA-89DD-4566-9186-D2F4CB77EE69}.Release|Any CPU.ActiveCfg = Release|Any CPU
		{090E4DAA-89DD-4566-9186-D2F4CB77EE69}.Release|Any CPU.Build.0 = Release|Any CPU
	EndGlobalSection
	GlobalSection(SolutionProperties) = preSolution
		HideSolutionNode = FALSE
	EndGlobalSection
	GlobalSection(ExtensibilityGlobals) = postSolution
		SolutionGuid = {4AB8741A-8A31-4739-907B-43D65747CA35}
	EndGlobalSection
EndGlobal
